Microsoft Visual Studio Solution File, Format Version 12.00
# Visual Studio Version 16
VisualStudioVersion = 16.0.29509.3
MinimumVisualStudioVersion = 15.0.26124.0
Project("{9A19103F-16F7-4668-BE54-9A1E7A4F7556}") = "api", "api\api.csproj", "{395194DA-84B9-4E9B-BA03-F4D091155E37}"
EndProject
Project("{9A19103F-16F7-4668-BE54-9A1E7A4F7556}") = "tests", "tests\tests.csproj", "{BA4F728E-9EC1-4B91-BE17-825A59ECC864}"
EndProject
Project("{9A19103F-16F7-4668-BE54-9A1E7A4F7556}") = "integration", "integration\integration.csproj", "{322B038A-394B-449E-BA6B-B5689B0066F2}"
EndProject
Global
	GlobalSection(SolutionConfigurationPlatforms) = preSolution
		Debug|Any CPU = Debug|Any CPU
		Debug|x64 = Debug|x64
		Debug|x86 = Debug|x86
		Release|Any CPU = Release|Any CPU
		Release|x64 = Release|x64
		Release|x86 = Release|x86
	EndGlobalSection
	GlobalSection(ProjectConfigurationPlatforms) = postSolution
		{395194DA-84B9-4E9B-BA03-F4D091155E37}.Debug|Any CPU.ActiveCfg = Debug|Any CPU
		{395194DA-84B9-4E9B-BA03-F4D091155E37}.Debug|Any CPU.Build.0 = Debug|Any CPU
		{395194DA-84B9-4E9B-BA03-F4D091155E37}.Debug|x64.ActiveCfg = Debug|Any CPU
		{395194DA-84B9-4E9B-BA03-F4D091155E37}.Debug|x64.Build.0 = Debug|Any CPU
		{395194DA-84B9-4E9B-BA03-F4D091155E37}.Debug|x86.ActiveCfg = Debug|Any CPU
		{395194DA-84B9-4E9B-BA03-F4D091155E37}.Debug|x86.Build.0 = Debug|Any CPU
		{395194DA-84B9-4E9B-BA03-F4D091155E37}.Release|Any CPU.ActiveCfg = Release|Any CPU
		{395194DA-84B9-4E9B-BA03-F4D091155E37}.Release|Any CPU.Build.0 = Release|Any CPU
		{395194DA-84B9-4E9B-BA03-F4D091155E37}.Release|x64.ActiveCfg = Release|Any CPU
		{395194DA-84B9-4E9B-BA03-F4D091155E37}.Release|x64.Build.0 = Release|Any CPU
		{395194DA-84B9-4E9B-BA03-F4D091155E37}.Release|x86.ActiveCfg = Release|Any CPU
		{395194DA-84B9-4E9B-BA03-F4D091155E37}.Release|x86.Build.0 = Release|Any CPU
		{BA4F728E-9EC1-4B91-BE17-825A59ECC864}.Debug|Any CPU.ActiveCfg = Debug|Any CPU
		{BA4F728E-9EC1-4B91-BE17-825A59ECC864}.Debug|Any CPU.Build.0 = Debug|Any CPU
		{BA4F728E-9EC1-4B91-BE17-825A59ECC864}.Debug|x64.ActiveCfg = Debug|Any CPU
		{BA4F728E-9EC1-4B91-BE17-825A59ECC864}.Debug|x64.Build.0 = Debug|Any CPU
		{BA4F728E-9EC1-4B91-BE17-825A59ECC864}.Debug|x86.ActiveCfg = Debug|Any CPU
		{BA4F728E-9EC1-4B91-BE17-825A59ECC864}.Debug|x86.Build.0 = Debug|Any CPU
		{BA4F728E-9EC1-4B91-BE17-825A59ECC864}.Release|Any CPU.ActiveCfg = Release|Any CPU
		{BA4F728E-9EC1-4B91-BE17-825A59ECC864}.Release|Any CPU.Build.0 = Release|Any CPU
		{BA4F728E-9EC1-4B91-BE17-825A59ECC864}.Release|x64.ActiveCfg = Release|Any CPU
		{BA4F728E-9EC1-4B91-BE17-825A59ECC864}.Release|x64.Build.0 = Release|Any CPU
		{BA4F728E-9EC1-4B91-BE17-825A59ECC864}.Release|x86.ActiveCfg = Release|Any CPU
		{BA4F728E-9EC1-4B91-BE17-825A59ECC864}.Release|x86.Build.0 = Release|Any CPU
		{322B038A-394B-449E-BA6B-B5689B0066F2}.Debug|Any CPU.ActiveCfg = Debug|Any CPU
		{322B038A-394B-449E-BA6B-B5689B0066F2}.Debug|Any CPU.Build.0 = Debug|Any CPU
		{322B038A-394B-449E-BA6B-B5689B0066F2}.Debug|x64.ActiveCfg = Debug|Any CPU
		{322B038A-394B-449E-BA6B-B5689B0066F2}.Debug|x64.Build.0 = Debug|Any CPU
		{322B038A-394B-449E-BA6B-B5689B0066F2}.Debug|x86.ActiveCfg = Debug|Any CPU
		{322B038A-394B-449E-BA6B-B5689B0066F2}.Debug|x86.Build.0 = Debug|Any CPU
		{322B038A-394B-449E-BA6B-B5689B0066F2}.Release|Any CPU.ActiveCfg = Release|Any CPU
		{322B038A-394B-449E-BA6B-B5689B0066F2}.Release|Any CPU.Build.0 = Release|Any CPU
		{322B038A-394B-449E-BA6B-B5689B0066F2}.Release|x64.ActiveCfg = Release|Any CPU
		{322B038A-394B-449E-BA6B-B5689B0066F2}.Release|x64.Build.0 = Release|Any CPU
		{322B038A-394B-449E-BA6B-B5689B0066F2}.Release|x86.ActiveCfg = Release|Any CPU
		{322B038A-394B-449E-BA6B-B5689B0066F2}.Release|x86.Build.0 = Release|Any CPU
	EndGlobalSection
	GlobalSection(SolutionProperties) = preSolution
		HideSolutionNode = FALSE
	EndGlobalSection
	GlobalSection(ExtensibilityGlobals) = postSolution
		SolutionGuid = {6DAC1663-36F4-46E9-B7BB-6614688197B3}
	EndGlobalSection
EndGlobal
